
Microsoft Visual Studio Solution File, Format Version 12.00
# Visual Studio Version 17
VisualStudioVersion = 17.7.34009.444
MinimumVisualStudioVersion = 10.0.40219.1
Project("{FAE04EC0-301F-11D3-BF4B-00C04F79EFBC}") = "BethPieShopAdmin", "BethPieShopAdmin\BethPieShopAdmin.csproj", "{6357AA38-D4F3-4F2A-B6F7-26E3ABE2F7B3}"
EndProject
Global
	GlobalSection(SolutionConfigurationPlatforms) = preSolution
		Debug|Any CPU = Debug|Any CPU
		Release|Any CPU = Release|Any CPU
	EndGlobalSection
	GlobalSection(ProjectConfigurationPlatforms) = postSolution
		{6357AA38-D4F3-4F2A-B6F7-26E3ABE2F7B3}.Debug|Any CPU.ActiveCfg = Debug|Any CPU
		{6357AA38-D4F3-4F2A-B6F7-26E3ABE2F7B3}.Debug|Any CPU.Build.0 = Debug|Any CPU
		{6357AA38-D4F3-4F2A-B6F7-26E3ABE2F7B3}.Release|Any CPU.ActiveCfg = Release|Any CPU
		{6357AA38-D4F3-4F2A-B6F7-26E3ABE2F7B3}.Release|Any CPU.Build.0 = Release|Any CPU
	EndGlobalSection
	GlobalSection(SolutionProperties) = preSolution
		HideSolutionNode = FALSE
	EndGlobalSection
	GlobalSection(ExtensibilityGlobals) = postSolution
		SolutionGuid = {C3343C3C-3BF9-4B30-8B86-3D3E3415ACFF}
	EndGlobalSection
EndGlobal
